{
  "name": "encryp",
  "version": "1.0.0",
  "lockfileVersion": 2,
  "requires": true,
  "packages": {
    "": {
      "name": "encryp",
      "version": "1.0.0",
      "license": "ISC",
      "dependencies": {
        "simple-encrypter": "^0.0.6"
      }
    },
    "node_modules/simple-encrypter": {
      "version": "0.0.6",
      "resolved": "https://registry.npmjs.org/simple-encrypter/-/simple-encrypter-0.0.6.tgz",
      "integrity": "sha512-iEUiP6B2lJVs5jFd0XOIfQKLMjlT+g/CzekH8EZ+0Ib11eXhONgUr+vBEG7Tgf4x+TEnQdi4SyCF2FyYDN5vow=="
    }
  },
  "dependencies": {
    "simple-encrypter": {
      "version": "0.0.6",
      "resolved": "https://registry.npmjs.org/simple-encrypter/-/simple-encrypter-0.0.6.tgz",
      "integrity": "sha512-iEUiP6B2lJVs5jFd0XOIfQKLMjlT+g/CzekH8EZ+0Ib11eXhONgUr+vBEG7Tgf4x+TEnQdi4SyCF2FyYDN5vow=="
    }
  }
}
